{
  "name": "listudy",
  "version": "0.0.1",
  "lockfileVersion": 1,
  "requires": true,
  "dependencies": {
    "chessground": {
      "version": "7.6.10",
      "resolved": "https://registry.npmjs.org/chessground/-/chessground-7.6.10.tgz",
      "integrity": "sha512-kAnS6hy7NNdGLu6H1b2IOodwEHu9cDfaG/GVhh96KuBm2D9llZ2Ccf/j0sLwmMQctn3cIxOXV4yeRsT4/8szzg=="
    },
    "kokopu": {
      "version": "1.2.5",
      "resolved": "https://registry.npmjs.org/kokopu/-/kokopu-1.2.5.tgz",
      "integrity": "sha512-a27uOZNEHn753vOVjSBt2vEgwIfg7cYjvsbf7WHk0V3r81U9FDP97uZf4lWOVV7BKMLwnzD8I1QY3e0zguFB/Q=="
    }
  }
}
