{
  "name": "listudy",
  "version": "0.0.1",
  "lockfileVersion": 1,
  "requires": true,
  "dependencies": {
    "chessground": {
      "version": "7.5.1",
      "resolved": "https://registry.npmjs.org/chessground/-/chessground-7.5.1.tgz",
      "integrity": "sha512-ROKn2CA7c17cqxYvcZ99wrfmPfPJPfMyaGzYIYdExl6LKvSEePFzwdY9GDvfDtaca5aKyhLoExZkvJ00pPLALw=="
    },
    "kokopu": {
      "version": "1.2.5",
      "resolved": "https://registry.npmjs.org/kokopu/-/kokopu-1.2.5.tgz",
      "integrity": "sha512-a27uOZNEHn753vOVjSBt2vEgwIfg7cYjvsbf7WHk0V3r81U9FDP97uZf4lWOVV7BKMLwnzD8I1QY3e0zguFB/Q=="
    }
  }
}
