{
  "name": "listudy",
  "version": "0.0.1",
  "lockfileVersion": 1,
  "requires": true,
  "dependencies": {
    "chessground": {
      "version": "7.3.5",
      "resolved": "https://registry.npmjs.org/chessground/-/chessground-7.3.5.tgz",
      "integrity": "sha512-hawpf1+nJoJizv1eS7QNGbtplD1tAqyWqGR5H+jWH4yvamN6EiHV2jBRz1UEnlwhNTNltqa0haNwJ8e7rXojvw=="
    },
    "kokopu": {
      "version": "1.2.1",
      "resolved": "https://registry.npmjs.org/kokopu/-/kokopu-1.2.1.tgz",
      "integrity": "sha512-DARxSglS96c/kumsxtPQvtl68MVR6xcpYpG7HQ+MuagXVJkMn0UDjFttsgsWiJERnOrOybIvd5JO5RxGWy+Ysw=="
    }
  }
}
